
Microsoft Visual Studio Solution File, Format Version 12.00
# Visual Studio 15
Project("{FAE04EC0-301F-11D3-BF4B-00C04F79EFBC}") = "KnightFall", "KnightFall.csproj", "{9580FD57-9307-BC23-8776-8D064AB9B8F7}"
EndProject
Project("{FAE04EC0-301F-11D3-BF4B-00C04F79EFBC}") = "KnightFall.Editor", "KnightFall.Editor.csproj", "{BEA4999A-DAB6-7C0B-6B78-CE7CE0D34175}"
EndProject
Global
	GlobalSection(SolutionConfigurationPlatforms) = preSolution
		Debug|Any CPU = Debug|Any CPU
		Release|Any CPU = Release|Any CPU
	EndGlobalSection
	GlobalSection(ProjectConfigurationPlatforms) = postSolution
		{9580FD57-9307-BC23-8776-8D064AB9B8F7}.Debug|Any CPU.ActiveCfg = Debug|Any CPU
		{9580FD57-9307-BC23-8776-8D064AB9B8F7}.Debug|Any CPU.Build.0 = Debug|Any CPU
		{9580FD57-9307-BC23-8776-8D064AB9B8F7}.Release|Any CPU.ActiveCfg = Release|Any CPU
		{9580FD57-9307-BC23-8776-8D064AB9B8F7}.Release|Any CPU.Build.0 = Release|Any CPU
		{BEA4999A-DAB6-7C0B-6B78-CE7CE0D34175}.Debug|Any CPU.ActiveCfg = Debug|Any CPU
		{BEA4999A-DAB6-7C0B-6B78-CE7CE0D34175}.Debug|Any CPU.Build.0 = Debug|Any CPU
		{BEA4999A-DAB6-7C0B-6B78-CE7CE0D34175}.Release|Any CPU.ActiveCfg = Release|Any CPU
		{BEA4999A-DAB6-7C0B-6B78-CE7CE0D34175}.Release|Any CPU.Build.0 = Release|Any CPU
	EndGlobalSection
	GlobalSection(SolutionProperties) = preSolution
		HideSolutionNode = FALSE
	EndGlobalSection
EndGlobal
